
Microsoft Visual Studio Solution File, Format Version 12.00
# Visual Studio 2013
VisualStudioVersion = 12.0.21005.1
MinimumVisualStudioVersion = 10.0.40219.1
Project("{FAE04EC0-301F-11D3-BF4B-00C04F79EFBC}") = "CSharp.LangEx.Tests", "CSharp.LangEx.Tests\CSharp.LangEx.Tests.csproj", "{82B57CE0-0C9D-4C13-AC38-E8837AED3BB7}"
EndProject
Project("{FAE04EC0-301F-11D3-BF4B-00C04F79EFBC}") = "CSharp.LangEx", "CSharp.LangEx\CSharp.LangEx.csproj", "{79BEFD8B-0DFD-4DB0-81D3-9B934657A686}"
EndProject
Global
	GlobalSection(SolutionConfigurationPlatforms) = preSolution
		Debug|Any CPU = Debug|Any CPU
		Release|Any CPU = Release|Any CPU
	EndGlobalSection
	GlobalSection(ProjectConfigurationPlatforms) = postSolution
		{82B57CE0-0C9D-4C13-AC38-E8837AED3BB7}.Debug|Any CPU.ActiveCfg = Debug|Any CPU
		{82B57CE0-0C9D-4C13-AC38-E8837AED3BB7}.Debug|Any CPU.Build.0 = Debug|Any CPU
		{82B57CE0-0C9D-4C13-AC38-E8837AED3BB7}.Release|Any CPU.ActiveCfg = Release|Any CPU
		{82B57CE0-0C9D-4C13-AC38-E8837AED3BB7}.Release|Any CPU.Build.0 = Release|Any CPU
		{79BEFD8B-0DFD-4DB0-81D3-9B934657A686}.Debug|Any CPU.ActiveCfg = Debug|Any CPU
		{79BEFD8B-0DFD-4DB0-81D3-9B934657A686}.Debug|Any CPU.Build.0 = Debug|Any CPU
		{79BEFD8B-0DFD-4DB0-81D3-9B934657A686}.Release|Any CPU.ActiveCfg = Release|Any CPU
		{79BEFD8B-0DFD-4DB0-81D3-9B934657A686}.Release|Any CPU.Build.0 = Release|Any CPU
	EndGlobalSection
	GlobalSection(SolutionProperties) = preSolution
		HideSolutionNode = FALSE
	EndGlobalSection
EndGlobal
